
Microsoft Visual Studio Solution File, Format Version 12.00
# Visual Studio Version 17
VisualStudioVersion = 17.4.33205.214
MinimumVisualStudioVersion = 10.0.40219.1
Project("{FAE04EC0-301F-11D3-BF4B-00C04F79EFBC}") = "โปรแกรมสำหรับบันทึกข้อมูลนักศึกษา", "โปรแกรมสำหรับบันทึกข้อมูลนักศึกษา\โปรแกรมสำหรับบันทึกข้อมูลนักศึกษา.csproj", "{BD843026-E3AA-4803-B857-DF46DC525564}"
EndProject
Global
	GlobalSection(SolutionConfigurationPlatforms) = preSolution
		Debug|Any CPU = Debug|Any CPU
		Release|Any CPU = Release|Any CPU
	EndGlobalSection
	GlobalSection(ProjectConfigurationPlatforms) = postSolution
		{BD843026-E3AA-4803-B857-DF46DC525564}.Debug|Any CPU.ActiveCfg = Debug|Any CPU
		{BD843026-E3AA-4803-B857-DF46DC525564}.Debug|Any CPU.Build.0 = Debug|Any CPU
		{BD843026-E3AA-4803-B857-DF46DC525564}.Release|Any CPU.ActiveCfg = Release|Any CPU
		{BD843026-E3AA-4803-B857-DF46DC525564}.Release|Any CPU.Build.0 = Release|Any CPU
	EndGlobalSection
	GlobalSection(SolutionProperties) = preSolution
		HideSolutionNode = FALSE
	EndGlobalSection
	GlobalSection(ExtensibilityGlobals) = postSolution
		SolutionGuid = {389A3A0F-483B-4EBE-928F-17A00D474F25}
	EndGlobalSection
EndGlobal
